
Microsoft Visual Studio Solution File, Format Version 12.00
# Visual Studio 2013
VisualStudioVersion = 12.0.31101.0
MinimumVisualStudioVersion = 10.0.40219.1
Project("{FAE04EC0-301F-11D3-BF4B-00C04F79EFBC}") = "Reports", "Reports.csproj", "{4EEDCF70-C6BA-4D25-ADE8-967DA95E2EDC}"
EndProject
Global
	GlobalSection(SolutionConfigurationPlatforms) = preSolution
		Debug|Any CPU = Debug|Any CPU
		Release|Any CPU = Release|Any CPU
	EndGlobalSection
	GlobalSection(ProjectConfigurationPlatforms) = postSolution
		{4EEDCF70-C6BA-4D25-ADE8-967DA95E2EDC}.Debug|Any CPU.ActiveCfg = Debug|Any CPU
		{4EEDCF70-C6BA-4D25-ADE8-967DA95E2EDC}.Debug|Any CPU.Build.0 = Debug|Any CPU
		{4EEDCF70-C6BA-4D25-ADE8-967DA95E2EDC}.Release|Any CPU.ActiveCfg = Release|Any CPU
		{4EEDCF70-C6BA-4D25-ADE8-967DA95E2EDC}.Release|Any CPU.Build.0 = Release|Any CPU
	EndGlobalSection
	GlobalSection(SolutionProperties) = preSolution
		HideSolutionNode = FALSE
	EndGlobalSection
EndGlobal
